Microsoft Visual Studio Solution File, Format Version 12.00
# Visual Studio Version 17
VisualStudioVersion = 17.5.2.0
MinimumVisualStudioVersion = 10.0.40219.1
Project("{FAE04EC0-301F-11D3-BF4B-00C04F79EFBC}") = "VirtuaSwitcher", "VirtuaSwitcher.csproj", "{35624863-72DF-424E-C996-D6DCC5562E53}"
EndProject
Global
	GlobalSection(SolutionConfigurationPlatforms) = preSolution
		Debug|Any CPU = Debug|Any CPU
		Release|Any CPU = Release|Any CPU
	EndGlobalSection
	GlobalSection(ProjectConfigurationPlatforms) = postSolution
		{35624863-72DF-424E-C996-D6DCC5562E53}.Debug|Any CPU.ActiveCfg = Debug|Any CPU
		{35624863-72DF-424E-C996-D6DCC5562E53}.Debug|Any CPU.Build.0 = Debug|Any CPU
		{35624863-72DF-424E-C996-D6DCC5562E53}.Release|Any CPU.ActiveCfg = Release|Any CPU
		{35624863-72DF-424E-C996-D6DCC5562E53}.Release|Any CPU.Build.0 = Release|Any CPU
	EndGlobalSection
	GlobalSection(SolutionProperties) = preSolution
		HideSolutionNode = FALSE
	EndGlobalSection
	GlobalSection(ExtensibilityGlobals) = postSolution
		SolutionGuid = {699BDD46-5165-4770-AB60-88D625E2924B}
	EndGlobalSection
EndGlobal
